
Microsoft Visual Studio Solution File, Format Version 12.00
# Visual Studio Version 17
VisualStudioVersion = 17.12.35514.174 d17.12
MinimumVisualStudioVersion = 10.0.40219.1
Project("{FAE04EC0-301F-11D3-BF4B-00C04F79EFBC}") = "MyApp.API", "MyApp.API\MyApp.API.csproj", "{1C0C81B6-B6CB-41C4-ADA8-43E32B3D1676}"
EndProject
Project("{FAE04EC0-301F-11D3-BF4B-00C04F79EFBC}") = "MyApp.Application", "MyApp.Application\MyApp.Application.csproj", "{9C4D5AD2-652B-472A-9BEF-A57A011C3E80}"
EndProject
Project("{FAE04EC0-301F-11D3-BF4B-00C04F79EFBC}") = "MyApp.Core", "MyApp.Core\MyApp.Core.csproj", "{E2DA92F5-AC08-4A9E-B4A6-1F3E939BC3BE}"
EndProject
Project("{FAE04EC0-301F-11D3-BF4B-00C04F79EFBC}") = "MyApp.Infrastrcture", "MyApp.Infrastrcture\MyApp.Infrastrcture.csproj", "{39CF9D8A-9913-4503-A43D-817A097BAD1F}"
EndProject
Global
	GlobalSection(SolutionConfigurationPlatforms) = preSolution
		Debug|Any CPU = Debug|Any CPU
		Release|Any CPU = Release|Any CPU
	EndGlobalSection
	GlobalSection(ProjectConfigurationPlatforms) = postSolution
		{1C0C81B6-B6CB-41C4-ADA8-43E32B3D1676}.Debug|Any CPU.ActiveCfg = Debug|Any CPU
		{1C0C81B6-B6CB-41C4-ADA8-43E32B3D1676}.Debug|Any CPU.Build.0 = Debug|Any CPU
		{1C0C81B6-B6CB-41C4-ADA8-43E32B3D1676}.Release|Any CPU.ActiveCfg = Release|Any CPU
		{1C0C81B6-B6CB-41C4-ADA8-43E32B3D1676}.Release|Any CPU.Build.0 = Release|Any CPU
		{9C4D5AD2-652B-472A-9BEF-A57A011C3E80}.Debug|Any CPU.ActiveCfg = Debug|Any CPU
		{9C4D5AD2-652B-472A-9BEF-A57A011C3E80}.Debug|Any CPU.Build.0 = Debug|Any CPU
		{9C4D5AD2-652B-472A-9BEF-A57A011C3E80}.Release|Any CPU.ActiveCfg = Release|Any CPU
		{9C4D5AD2-652B-472A-9BEF-A57A011C3E80}.Release|Any CPU.Build.0 = Release|Any CPU
		{E2DA92F5-AC08-4A9E-B4A6-1F3E939BC3BE}.Debug|Any CPU.ActiveCfg = Debug|Any CPU
		{E2DA92F5-AC08-4A9E-B4A6-1F3E939BC3BE}.Debug|Any CPU.Build.0 = Debug|Any CPU
		{E2DA92F5-AC08-4A9E-B4A6-1F3E939BC3BE}.Release|Any CPU.ActiveCfg = Release|Any CPU
		{E2DA92F5-AC08-4A9E-B4A6-1F3E939BC3BE}.Release|Any CPU.Build.0 = Release|Any CPU
		{39CF9D8A-9913-4503-A43D-817A097BAD1F}.Debug|Any CPU.ActiveCfg = Debug|Any CPU
		{39CF9D8A-9913-4503-A43D-817A097BAD1F}.Debug|Any CPU.Build.0 = Debug|Any CPU
		{39CF9D8A-9913-4503-A43D-817A097BAD1F}.Release|Any CPU.ActiveCfg = Release|Any CPU
		{39CF9D8A-9913-4503-A43D-817A097BAD1F}.Release|Any CPU.Build.0 = Release|Any CPU
	EndGlobalSection
	GlobalSection(SolutionProperties) = preSolution
		HideSolutionNode = FALSE
	EndGlobalSection
EndGlobal
